<?xml version="1.0" encoding="UTF-8" standalone="yes" ?>
<CodeBlocks_project_file>
	<FileVersion major="1" minor="6" />
	<Project>
		<Option title="scls-workspace" />
		<Option pch_mode="2" />
		<Option compiler="gcc" />
		<Build>
			<Target title="Debug">
				<Option output="bin/Debug/scls-workspace" prefix_auto="1" extension_auto="1" />
				<Option object_output="obj/Debug/" />
				<Option type="1" />
				<Option compiler="gcc" />
				<Compiler>
					<Add option="-g" />
				</Compiler>
			</Target>
			<Target title="Release">
				<Option output="bin/Release/scls-workspace" prefix_auto="1" extension_auto="1" />
				<Option object_output="obj/Release/" />
				<Option type="1" />
				<Option compiler="gcc" />
				<Compiler>
					<Add option="-O2" />
				</Compiler>
				<Linker>
					<Add option="-s" />
				</Linker>
			</Target>
		</Build>
		<Compiler>
			<Add option="-Wall" />
		</Compiler>
		<Unit filename="../scls-foundation-leonhard/scls_foundation.h" />
		<Unit filename="../scls-foundation-leonhard/scls_foundation_directory/scls_foundation_binary.h" />
		<Unit filename="../scls-foundation-leonhard/scls_foundation_directory/scls_foundation_compression.h" />
		<Unit filename="../scls-foundation-leonhard/scls_foundation_directory/scls_foundation_core.h" />
		<Unit filename="../scls-foundation-leonhard/scls_foundation_directory/scls_foundation_file.h" />
		<Unit filename="../scls-foundation-leonhard/scls_foundation_directory/scls_foundation_math.h" />
		<Unit filename="../scls-foundation-leonhard/scls_foundation_directory/scls_foundation_string.h" />
		<Unit filename="../scls-graphic-benoit/glad.c">
			<Option compilerVar="CC" />
		</Unit>
		<Unit filename="../scls-graphic-benoit/headers/mob_loader.h" />
		<Unit filename="../scls-graphic-benoit/headers/scls_graphic_gl_part.h" />
		<Unit filename="../scls-graphic-benoit/headers/scls_graphic_gui_object.h" />
		<Unit filename="../scls-graphic-benoit/headers/scls_graphic_object.h" />
		<Unit filename="../scls-graphic-benoit/headers/scls_graphic_window.h" />
		<Unit filename="../scls-graphic-benoit/headers/scls_graphic_window_advanced_struct.h" />
		<Unit filename="../scls-graphic-benoit/headers/scls_graphic_window_base_struct.h" />
		<Unit filename="../scls-graphic-benoit/mods_hidden/scls_model_maker/scls_model_maker.cpp" />
		<Unit filename="../scls-graphic-benoit/mods_hidden/scls_model_maker/scls_model_maker.h" />
		<Unit filename="../scls-graphic-benoit/scls_graphic.h" />
		<Unit filename="../scls-graphic-benoit/src/mob_loader.cpp" />
		<Unit filename="../scls-graphic-benoit/src/scls_graphic_gl_part.cpp" />
		<Unit filename="../scls-graphic-benoit/src/scls_graphic_gui_object.cpp" />
		<Unit filename="../scls-graphic-benoit/src/scls_graphic_object.cpp" />
		<Unit filename="../scls-graphic-benoit/src/scls_graphic_window.cpp" />
		<Unit filename="../scls-graphic-benoit/src/scls_graphic_window_advanced_struct.cpp" />
		<Unit filename="../scls-graphic-benoit/src/scls_graphic_window_base_struct.cpp" />
		<Unit filename="../scls-image-michelangelo/scls_image.h" />
		<Unit filename="../scls-image-michelangelo/scls_image_directory/scls_image_core.h" />
		<Unit filename="../scls-image-michelangelo/scls_image_directory/scls_image_fractal.h" />
		<Unit filename="../scls-image-michelangelo/scls_image_directory/scls_image_text.h" />
		<Unit filename="../scls-image-michelangelo/scls_image_directory/scls_image_type.h" />
		<Unit filename="../scls-math-carl/scls_math.h" />
		<Unit filename="../scls-math-carl/scls_math_directory/scls_math_3d_core.h" />
		<Unit filename="../scls-math-carl/scls_math_directory/scls_math_3d_model.h" />
		<Unit filename="../scls-math-carl/scls_math_directory/scls_math_fraction.h" />
		<Unit filename="headers/scls_workspace.h" />
		<Unit filename="src/main.cpp" />
		<Unit filename="src/scls_workspace.cpp" />
		<Extensions>
			<lib_finder disable_auto="1" />
		</Extensions>
	</Project>
</CodeBlocks_project_file>
